// !$*UTF8*$!
{
	archiveVersion = 1;
	classes = {
	};
	objectVersion = 77;
	objects = {

/* Begin PBXContainerItemProxy section */
		09838E3E2D7E1A92002D4910 /* PBXContainerItemProxy */ = {
			isa = PBXContainerItemProxy;
			containerPortal = 09838E252D7E1A8F002D4910 /* Project object */;
			proxyType = 1;
			remoteGlobalIDString = 09838E2C2D7E1A8F002D4910;
			remoteInfo = HarvestHub;
		};
		09838E482D7E1A92002D4910 /* PBXContainerItemProxy */ = {
			isa = PBXContainerItemProxy;
			containerPortal = 09838E252D7E1A8F002D4910 /* Project object */;
			proxyType = 1;
			remoteGlobalIDString = 09838E2C2D7E1A8F002D4910;
			remoteInfo = HarvestHub;
		};
/* End PBXContainerItemProxy section */

/* Begin PBXFileReference section */
		09838E2D2D7E1A8F002D4910 /* HarvestHub.app */ = {isa = PBXFileReference; explicitFileType = wrapper.application; includeInIndex = 0; path = HarvestHub.app; sourceTree = BUILT_PRODUCTS_DIR; };
		09838E3D2D7E1A92002D4910 /* HarvestHubTests.xctest */ = {isa = PBXFileReference; explicitFileType = wrapper.cfbundle; includeInIndex = 0; path = HarvestHubTests.xctest; sourceTree = BUILT_PRODUCTS_DIR; };
		09838E472D7E1A92002D4910 /* HarvestHubUITests.xctest */ = {isa = PBXFileReference; explicitFileType = wrapper.cfbundle; includeInIndex = 0; path = HarvestHubUITests.xctest; sourceTree = BUILT_PRODUCTS_DIR; };
/* End PBXFileReference section */

/* Begin PBXFileSystemSynchronizedRootGroup section */
		09838E2F2D7E1A8F002D4910 /* HarvestHub */ = {
			isa = PBXFileSystemSynchronizedRootGroup;
			path = HarvestHub;
			sourceTree = "<group>";
		};
		09838E402D7E1A92002D4910 /* HarvestHubTests */ = {
			isa = PBXFileSystemSynchronizedRootGroup;
			path = HarvestHubTests;
			sourceTree = "<group>";
		};
		09838E4A2D7E1A92002D4910 /* HarvestHubUITests */ = {
			isa = PBXFileSystemSynchronizedRootGroup;
			path = HarvestHubUITests;
			sourceTree = "<group>";
		};
/* End PBXFileSystemSynchronizedRootGroup section */

/* Begin PBXFrameworksBuildPhase section */
		09838E2A2D7E1A8F002D4910 /* Frameworks */ = {
			isa = PBXFrameworksBuildPhase;
			buildActionMask = 2147483647;
			files = (
			);
			runOnlyForDeploymentPostprocessing = 0;
		};
		09838E3A2D7E1A92002D4910 /* Frameworks */ = {
			isa = PBXFrameworksBuildPhase;
			buildActionMask = 2147483647;
			files = (
			);
			runOnlyForDeploymentPostprocessing = 0;
		};
		09838E442D7E1A92002D4910 /* Frameworks */ = {
			isa = PBXFrameworksBuildPhase;
			buildActionMask = 2147483647;
			files = (
			);
			runOnlyForDeploymentPostprocessing = 0;
		};
/* End PBXFrameworksBuildPhase section */

/* Begin PBXGroup section */
		09838E242D7E1A8F002D4910 = {
			isa = PBXGroup;
			children = (
				09838E2F2D7E1A8F002D4910 /* HarvestHub */,
				09838E402D7E1A92002D4910 /* HarvestHubTests */,
				09838E4A2D7E1A92002D4910 /* HarvestHubUITests */,
				09838E2E2D7E1A8F002D4910 /* Products */,
			);
			sourceTree = "<group>";
		};
		09838E2E2D7E1A8F002D4910 /* Products */ = {
			isa = PBXGroup;
			children = (
				09838E2D2D7E1A8F002D4910 /* HarvestHub.app */,
				09838E3D2D7E1A92002D4910 /* HarvestHubTests.xctest */,
				09838E472D7E1A92002D4910 /* HarvestHubUITests.xctest */,
			);
			name = Products;
			sourceTree = "<group>";
		};
/* End PBXGroup section */

/* Begin PBXNativeTarget section */
		09838E2C2D7E1A8F002D4910 /* HarvestHub */ = {
			isa = PBXNativeTarget;
			buildConfigurationList = 09838E512D7E1A92002D4910 /* Build configuration list for PBXNativeTarget "HarvestHub" */;
			buildPhases = (
				09838E292D7E1A8F002D4910 /* Sources */,
				09838E2A2D7E1A8F002D4910 /* Frameworks */,
				09838E2B2D7E1A8F002D4910 /* Resources */,
			);
			buildRules = (
			);
			dependencies = (
			);
			fileSystemSynchronizedGroups = (
				09838E2F2D7E1A8F002D4910 /* HarvestHub */,
			);
			name = HarvestHub;
			packageProductDependencies = (
			);
			productName = HarvestHub;
			productReference = 09838E2D2D7E1A8F002D4910 /* HarvestHub.app */;
			productType = "com.apple.product-type.application";
		};
		09838E3C2D7E1A92002D4910 /* HarvestHubTests */ = {
			isa = PBXNativeTarget;
			buildConfigurationList = 09838E542D7E1A92002D4910 /* Build configuration list for PBXNativeTarget "HarvestHubTests" */;
			buildPhases = (
				09838E392D7E1A92002D4910 /* Sources */,
				09838E3A2D7E1A92002D4910 /* Frameworks */,
				09838E3B2D7E1A92002D4910 /* Resources */,
			);
			buildRules = (
			);
			dependencies = (
				09838E3F2D7E1A92002D4910 /* PBXTargetDependency */,
			);
			fileSystemSynchronizedGroups = (
				09838E402D7E1A92002D4910 /* HarvestHubTests */,
			);
			name = HarvestHubTests;
			packageProductDependencies = (
			);
			productName = HarvestHubTests;
			productReference = 09838E3D2D7E1A92002D4910 /* HarvestHubTests.xctest */;
			productType = "com.apple.product-type.bundle.unit-test";
		};
		09838E462D7E1A92002D4910 /* HarvestHubUITests */ = {
			isa = PBXNativeTarget;
			buildConfigurationList = 09838E572D7E1A92002D4910 /* Build configuration list for PBXNativeTarget "HarvestHubUITests" */;
			buildPhases = (
				09838E432D7E1A92002D4910 /* Sources */,
				09838E442D7E1A92002D4910 /* Frameworks */,
				09838E452D7E1A92002D4910 /* Resources */,
			);
			buildRules = (
			);
			dependencies = (
				09838E492D7E1A92002D4910 /* PBXTargetDependency */,
			);
			fileSystemSynchronizedGroups = (
				09838E4A2D7E1A92002D4910 /* HarvestHubUITests */,
			);
			name = HarvestHubUITests;
			packageProductDependencies = (
			);
			productName = HarvestHubUITests;
			productReference = 09838E472D7E1A92002D4910 /* HarvestHubUITests.xctest */;
			productType = "com.apple.product-type.bundle.ui-testing";
		};
/* End PBXNativeTarget section */

/* Begin PBXProject section */
		09838E252D7E1A8F002D4910 /* Project object */ = {
			isa = PBXProject;
			attributes = {
				BuildIndependentTargetsInParallel = 1;
				LastSwiftUpdateCheck = 1620;
				LastUpgradeCheck = 1620;
				TargetAttributes = {
					09838E2C2D7E1A8F002D4910 = {
						CreatedOnToolsVersion = 16.2;
					};
					09838E3C2D7E1A92002D4910 = {
						CreatedOnToolsVersion = 16.2;
						TestTargetID = 09838E2C2D7E1A8F002D4910;
					};
					09838E462D7E1A92002D4910 = {
						CreatedOnToolsVersion = 16.2;
						TestTargetID = 09838E2C2D7E1A8F002D4910;
					};
				};
			};
			buildConfigurationList = 09838E282D7E1A8F002D4910 /* Build configuration list for PBXProject "HarvestHub" */;
			developmentRegion = en;
			hasScannedForEncodings = 0;
			knownRegions = (
				en,
				Base,
			);
			mainGroup = 09838E242D7E1A8F002D4910;
			minimizedProjectReferenceProxies = 1;
			preferredProjectObjectVersion = 77;
			productRefGroup = 09838E2E2D7E1A8F002D4910 /* Products */;
			projectDirPath = "";
			projectRoot = "";
			targets = (
				09838E2C2D7E1A8F002D4910 /* HarvestHub */,
				09838E3C2D7E1A92002D4910 /* HarvestHubTests */,
				09838E462D7E1A92002D4910 /* HarvestHubUITests */,
			);
		};
/* End PBXProject section */

/* Begin PBXResourcesBuildPhase section */
		09838E2B2D7E1A8F002D4910 /* Resources */ = {
			isa = PBXResourcesBuildPhase;
			buildActionMask = 2147483647;
			files = (
			);
			runOnlyForDeploymentPostprocessing = 0;
		};
		09838E3B2D7E1A92002D4910 /* Resources */ = {
			isa = PBXResourcesBuildPhase;
			buildActionMask = 2147483647;
			files = (
			);
			runOnlyForDeploymentPostprocessing = 0;
		};
		09838E452D7E1A92002D4910 /* Resources */ = {
			isa = PBXResourcesBuildPhase;
			buildActionMask = 2147483647;
			files = (
			);
			runOnlyForDeploymentPostprocessing = 0;
		};
/* End PBXResourcesBuildPhase section */

/* Begin PBXSourcesBuildPhase section */
		09838E292D7E1A8F002D4910 /* Sources */ = {
			isa = PBXSourcesBuildPhase;
			buildActionMask = 2147483647;
			files = (
			);
			runOnlyForDeploymentPostprocessing = 0;
		};
		09838E392D7E1A92002D4910 /* Sources */ = {
			isa = PBXSourcesBuildPhase;
			buildActionMask = 2147483647;
			files = (
			);
			runOnlyForDeploymentPostprocessing = 0;
		};
		09838E432D7E1A92002D4910 /* Sources */ = {
			isa = PBXSourcesBuildPhase;
			buildActionMask = 2147483647;
			files = (
			);
			runOnlyForDeploymentPostprocessing = 0;
		};
/* End PBXSourcesBuildPhase section */

/* Begin PBXTargetDependency section */
		09838E3F2D7E1A92002D4910 /* PBXTargetDependency */ = {
			isa = PBXTargetDependency;
			target = 09838E2C2D7E1A8F002D4910 /* HarvestHub */;
			targetProxy = 09838E3E2D7E1A92002D4910 /* PBXContainerItemProxy */;
		};
		09838E492D7E1A92002D4910 /* PBXTargetDependency */ = {
			isa = PBXTargetDependency;
			target = 09838E2C2D7E1A8F002D4910 /* HarvestHub */;
			targetProxy = 09838E482D7E1A92002D4910 /* PBXContainerItemProxy */;
		};
/* End PBXTargetDependency section */

/* Begin XCBuildConfiguration section */
		09838E4F2D7E1A92002D4910 /* Debug */ = {
			isa = XCBuildConfiguration;
			buildSettings = {
				ALWAYS_SEARCH_USER_PATHS = NO;
				ASSETCATALOG_COMPILER_GENERATE_SWIFT_ASSET_SYMBOL_EXTENSIONS = YES;
				CLANG_ANALYZER_NONNULL = YES;
				CLANG_ANALYZER_NUMBER_OBJECT_CONVERSION = YES_AGGRESSIVE;
				CLANG_CXX_LANGUAGE_STANDARD = "gnu++20";
				CLANG_ENABLE_MODULES = YES;
				CLANG_ENABLE_OBJC_ARC = YES;
				CLANG_ENABLE_OBJC_WEAK = YES;
				CLANG_WARN_BLOCK_CAPTURE_AUTORELEASING = YES;
				CLANG_WARN_BOOL_CONVERSION = YES;
				CLANG_WARN_COMMA = YES;
				CLANG_WARN_CONSTANT_CONVERSION = YES;
				CLANG_WARN_DEPRECATED_OBJC_IMPLEMENTATIONS = YES;
				CLANG_WARN_DIRECT_OBJC_ISA_USAGE = YES_ERROR;
				CLANG_WARN_DOCUMENTATION_COMMENTS = YES;
				CLANG_WARN_EMPTY_BODY = YES;
				CLANG_WARN_ENUM_CONVERSION = YES;
				CLANG_WARN_INFINITE_RECURSION = YES;
				CLANG_WARN_INT_CONVERSION = YES;
				CLANG_WARN_NON_LITERAL_NULL_CONVERSION = YES;
				CLANG_WARN_OBJC_IMPLICIT_RETAIN_SELF = YES;
				CLANG_WARN_OBJC_LITERAL_CONVERSION = YES;
				CLANG_WARN_OBJC_ROOT_CLASS = YES_ERROR;
				CLANG_WARN_QUOTED_INCLUDE_IN_FRAMEWORK_HEADER = YES;
				CLANG_WARN_RANGE_LOOP_ANALYSIS = YES;
				CLANG_WARN_STRICT_PROTOTYPES = YES;
				CLANG_WARN_SUSPICIOUS_MOVE = YES;
				CLANG_WARN_UNGUARDED_AVAILABILITY = YES_AGGRESSIVE;
				CLANG_WARN_UNREACHABLE_CODE = YES;
				CLANG_WARN__DUPLICATE_METHOD_MATCH = YES;
				COPY_PHASE_STRIP = NO;
				DEBUG_INFORMATION_FORMAT = dwarf;
				ENABLE_STRICT_OBJC_MSGSEND = YES;
				ENABLE_TESTABILITY = YES;
				ENABLE_USER_SCRIPT_SANDBOXING = YES;
				GCC_C_LANGUAGE_STANDARD = gnu17;
				GCC_DYNAMIC_NO_PIC = NO;
				GCC_NO_COMMON_BLOCKS = YES;
				GCC_OPTIMIZATION_LEVEL = 0;
				GCC_PREPROCESSOR_DEFINITIONS = (
					"DEBUG=1",
					"$(inherited)",
				);
				GCC_WARN_64_TO_32_BIT_CONVERSION = YES;
				GCC_WARN_ABOUT_RETURN_TYPE = YES_ERROR;
				GCC_WARN_UNDECLARED_SELECTOR = YES;
				GCC_WARN_UNINITIALIZED_AUTOS = YES_AGGRESSIVE;
				GCC_WARN_UNUSED_FUNCTION = YES;
				GCC_WARN_UNUSED_VARIABLE = YES;
				IPHONEOS_DEPLOYMENT_TARGET = 18.2;
				LOCALIZATION_PREFERS_STRING_CATALOGS = YES;
				MTL_ENABLE_DEBUG_INFO = INCLUDE_SOURCE;
				MTL_FAST_MATH = YES;
				ONLY_ACTIVE_ARCH = YES;
				SDKROOT = iphoneos;
				SWIFT_ACTIVE_COMPILATION_CONDITIONS = "DEBUG $(inherited)";
				SWIFT_OPTIMIZATION_LEVEL = "-Onone";
			};
			name = Debug;
		};
		09838E502D7E1A92002D4910 /* Release */ = {
			isa = XCBuildConfiguration;
			buildSettings = {
				ALWAYS_SEARCH_USER_PATHS = NO;
				ASSETCATALOG_COMPILER_GENERATE_SWIFT_ASSET_SYMBOL_EXTENSIONS = YES;
				CLANG_ANALYZER_NONNULL = YES;
				CLANG_ANALYZER_NUMBER_OBJECT_CONVERSION = YES_AGGRESSIVE;
				CLANG_CXX_LANGUAGE_STANDARD = "gnu++20";
				CLANG_ENABLE_MODULES = YES;
				CLANG_ENABLE_OBJC_ARC = YES;
				CLANG_ENABLE_OBJC_WEAK = YES;
				CLANG_WARN_BLOCK_CAPTURE_AUTORELEASING = YES;
				CLANG_WARN_BOOL_CONVERSION = YES;
				CLANG_WARN_COMMA = YES;
				CLANG_WARN_CONSTANT_CONVERSION = YES;
				CLANG_WARN_DEPRECATED_OBJC_IMPLEMENTATIONS = YES;
				CLANG_WARN_DIRECT_OBJC_ISA_USAGE = YES_ERROR;
				CLANG_WARN_DOCUMENTATION_COMMENTS = YES;
				CLANG_WARN_EMPTY_BODY = YES;
				CLANG_WARN_ENUM_CONVERSION = YES;
				CLANG_WARN_INFINITE_RECURSION = YES;
				CLANG_WARN_INT_CONVERSION = YES;
				CLANG_WARN_NON_LITERAL_NULL_CONVERSION = YES;
				CLANG_WARN_OBJC_IMPLICIT_RETAIN_SELF = YES;
				CLANG_WARN_OBJC_LITERAL_CONVERSION = YES;
				CLANG_WARN_OBJC_ROOT_CLASS = YES_ERROR;
				CLANG_WARN_QUOTED_INCLUDE_IN_FRAMEWORK_HEADER = YES;
				CLANG_WARN_RANGE_LOOP_ANALYSIS = YES;
				CLANG_WARN_STRICT_PROTOTYPES = YES;
				CLANG_WARN_SUSPICIOUS_MOVE = YES;
				CLANG_WARN_UNGUARDED_AVAILABILITY = YES_AGGRESSIVE;
				CLANG_WARN_UNREACHABLE_CODE = YES;
				CLANG_WARN__DUPLICATE_METHOD_MATCH = YES;
				COPY_PHASE_STRIP = NO;
				DEBUG_INFORMATION_FORMAT = "dwarf-with-dsym";
				ENABLE_NS_ASSERTIONS = NO;
				ENABLE_STRICT_OBJC_MSGSEND = YES;
				ENABLE_USER_SCRIPT_SANDBOXING = YES;
				GCC_C_LANGUAGE_STANDARD = gnu17;
				GCC_NO_COMMON_BLOCKS = YES;
				GCC_WARN_64_TO_32_BIT_CONVERSION = YES;
				GCC_WARN_ABOUT_RETURN_TYPE = YES_ERROR;
				GCC_WARN_UNDECLARED_SELECTOR = YES;
				GCC_WARN_UNINITIALIZED_AUTOS = YES_AGGRESSIVE;
				GCC_WARN_UNUSED_FUNCTION = YES;
				GCC_WARN_UNUSED_VARIABLE = YES;
				IPHONEOS_DEPLOYMENT_TARGET = 18.2;
				LOCALIZATION_PREFERS_STRING_CATALOGS = YES;
				MTL_ENABLE_DEBUG_INFO = NO;
				MTL_FAST_MATH = YES;
				SDKROOT = iphoneos;
				SWIFT_COMPILATION_MODE = wholemodule;
				VALIDATE_PRODUCT = YES;
			};
			name = Release;
		};
		09838E522D7E1A92002D4910 /* Debug */ = {
			isa = XCBuildConfiguration;
			buildSettings = {
				ASSETCATALOG_COMPILER_APPICON_NAME = AppIcon;
				ASSETCATALOG_COMPILER_GLOBAL_ACCENT_COLOR_NAME = AccentColor;
				CODE_SIGN_STYLE = Automatic;
				CURRENT_PROJECT_VERSION = 1;
				DEVELOPMENT_ASSET_PATHS = "\"HarvestHub/Preview Content\"";
				ENABLE_PREVIEWS = YES;
				GENERATE_INFOPLIST_FILE = YES;
				INFOPLIST_KEY_UIApplicationSceneManifest_Generation = YES;
				INFOPLIST_KEY_UIApplicationSupportsIndirectInputEvents = YES;
				INFOPLIST_KEY_UILaunchScreen_Generation = YES;
				INFOPLIST_KEY_UISupportedInterfaceOrientations_iPad = "UIInterfaceOrientationPortrait UIInterfaceOrientationPortraitUpsideDown UIInterfaceOrientationLandscapeLeft UIInterfaceOrientationLandscapeRight";
				INFOPLIST_KEY_UISupportedInterfaceOrientations_iPhone = "UIInterfaceOrientationPortrait UIInterfaceOrientationLandscapeLeft UIInterfaceOrientationLandscapeRight";
				LD_RUNPATH_SEARCH_PATHS = (
					"$(inherited)",
					"@executable_path/Frameworks",
				);
				MARKETING_VERSION = 1.0;
				PRODUCT_BUNDLE_IDENTIFIER = SJSU.HarvestHub;
				PRODUCT_NAME = "$(TARGET_NAME)";
				SWIFT_EMIT_LOC_STRINGS = YES;
				SWIFT_VERSION = 5.0;
				TARGETED_DEVICE_FAMILY = "1,2";
			};
			name = Debug;
		};
		09838E532D7E1A92002D4910 /* Release */ = {
			isa = XCBuildConfiguration;
			buildSettings = {
				ASSETCATALOG_COMPILER_APPICON_NAME = AppIcon;
				ASSETCATALOG_COMPILER_GLOBAL_ACCENT_COLOR_NAME = AccentColor;
				CODE_SIGN_STYLE = Automatic;
				CURRENT_PROJECT_VERSION = 1;
				DEVELOPMENT_ASSET_PATHS = "\"HarvestHub/Preview Content\"";
				ENABLE_PREVIEWS = YES;
				GENERATE_INFOPLIST_FILE = YES;
				INFOPLIST_KEY_UIApplicationSceneManifest_Generation = YES;
				INFOPLIST_KEY_UIApplicationSupportsIndirectInputEvents = YES;
				INFOPLIST_KEY_UILaunchScreen_Generation = YES;
				INFOPLIST_KEY_UISupportedInterfaceOrientations_iPad = "UIInterfaceOrientationPortrait UIInterfaceOrientationPortraitUpsideDown UIInterfaceOrientationLandscapeLeft UIInterfaceOrientationLandscapeRight";
				INFOPLIST_KEY_UISupportedInterfaceOrientations_iPhone = "UIInterfaceOrientationPortrait UIInterfaceOrientationLandscapeLeft UIInterfaceOrientationLandscapeRight";
				LD_RUNPATH_SEARCH_PATHS = (
					"$(inherited)",
					"@executable_path/Frameworks",
				);
				MARKETING_VERSION = 1.0;
				PRODUCT_BUNDLE_IDENTIFIER = SJSU.HarvestHub;
				PRODUCT_NAME = "$(TARGET_NAME)";
				SWIFT_EMIT_LOC_STRINGS = YES;
				SWIFT_VERSION = 5.0;
				TARGETED_DEVICE_FAMILY = "1,2";
			};
			name = Release;
		};
		09838E552D7E1A92002D4910 /* Debug */ = {
			isa = XCBuildConfiguration;
			buildSettings = {
				BUNDLE_LOADER = "$(TEST_HOST)";
				CODE_SIGN_STYLE = Automatic;
				CURRENT_PROJECT_VERSION = 1;
				GENERATE_INFOPLIST_FILE = YES;
				IPHONEOS_DEPLOYMENT_TARGET = 18.2;
				MARKETING_VERSION = 1.0;
				PRODUCT_BUNDLE_IDENTIFIER = SJSU.HarvestHubTests;
				PRODUCT_NAME = "$(TARGET_NAME)";
				SWIFT_EMIT_LOC_STRINGS = NO;
				SWIFT_VERSION = 5.0;
				TARGETED_DEVICE_FAMILY = "1,2";
				TEST_HOST = "$(BUILT_PRODUCTS_DIR)/HarvestHub.app/$(BUNDLE_EXECUTABLE_FOLDER_PATH)/HarvestHub";
			};
			name = Debug;
		};
		09838E562D7E1A92002D4910 /* Release */ = {
			isa = XCBuildConfiguration;
			buildSettings = {
				BUNDLE_LOADER = "$(TEST_HOST)";
				CODE_SIGN_STYLE = Automatic;
				CURRENT_PROJECT_VERSION = 1;
				GENERATE_INFOPLIST_FILE = YES;
				IPHONEOS_DEPLOYMENT_TARGET = 18.2;
				MARKETING_VERSION = 1.0;
				PRODUCT_BUNDLE_IDENTIFIER = SJSU.HarvestHubTests;
				PRODUCT_NAME = "$(TARGET_NAME)";
				SWIFT_EMIT_LOC_STRINGS = NO;
				SWIFT_VERSION = 5.0;
				TARGETED_DEVICE_FAMILY = "1,2";
				TEST_HOST = "$(BUILT_PRODUCTS_DIR)/HarvestHub.app/$(BUNDLE_EXECUTABLE_FOLDER_PATH)/HarvestHub";
			};
			name = Release;
		};
		09838E582D7E1A92002D4910 /* Debug */ = {
			isa = XCBuildConfiguration;
			buildSettings = {
				CODE_SIGN_STYLE = Automatic;
				CURRENT_PROJECT_VERSION = 1;
				GENERATE_INFOPLIST_FILE = YES;
				MARKETING_VERSION = 1.0;
				PRODUCT_BUNDLE_IDENTIFIER = SJSU.HarvestHubUITests;
				PRODUCT_NAME = "$(TARGET_NAME)";
				SWIFT_EMIT_LOC_STRINGS = NO;
				SWIFT_VERSION = 5.0;
				TARGETED_DEVICE_FAMILY = "1,2";
				TEST_TARGET_NAME = HarvestHub;
			};
			name = Debug;
		};
		09838E592D7E1A92002D4910 /* Release */ = {
			isa = XCBuildConfiguration;
			buildSettings = {
				CODE_SIGN_STYLE = Automatic;
				CURRENT_PROJECT_VERSION = 1;
				GENERATE_INFOPLIST_FILE = YES;
				MARKETING_VERSION = 1.0;
				PRODUCT_BUNDLE_IDENTIFIER = SJSU.HarvestHubUITests;
				PRODUCT_NAME = "$(TARGET_NAME)";
				SWIFT_EMIT_LOC_STRINGS = NO;
				SWIFT_VERSION = 5.0;
				TARGETED_DEVICE_FAMILY = "1,2";
				TEST_TARGET_NAME = HarvestHub;
			};
			name = Release;
		};
/* End XCBuildConfiguration section */

/* Begin XCConfigurationList section */
		09838E282D7E1A8F002D4910 /* Build configuration list for PBXProject "HarvestHub" */ = {
			isa = XCConfigurationList;
			buildConfigurations = (
				09838E4F2D7E1A92002D4910 /* Debug */,
				09838E502D7E1A92002D4910 /* Release */,
			);
			defaultConfigurationIsVisible = 0;
			defaultConfigurationName = Release;
		};
		09838E512D7E1A92002D4910 /* Build configuration list for PBXNativeTarget "HarvestHub" */ = {
			isa = XCConfigurationList;
			buildConfigurations = (
				09838E522D7E1A92002D4910 /* Debug */,
				09838E532D7E1A92002D4910 /* Release */,
			);
			defaultConfigurationIsVisible = 0;
			defaultConfigurationName = Release;
		};
		09838E542D7E1A92002D4910 /* Build configuration list for PBXNativeTarget "HarvestHubTests" */ = {
			isa = XCConfigurationList;
			buildConfigurations = (
				09838E552D7E1A92002D4910 /* Debug */,
				09838E562D7E1A92002D4910 /* Release */,
			);
			defaultConfigurationIsVisible = 0;
			defaultConfigurationName = Release;
		};
		09838E572D7E1A92002D4910 /* Build configuration list for PBXNativeTarget "HarvestHubUITests" */ = {
			isa = XCConfigurationList;
			buildConfigurations = (
				09838E582D7E1A92002D4910 /* Debug */,
				09838E592D7E1A92002D4910 /* Release */,
			);
			defaultConfigurationIsVisible = 0;
			defaultConfigurationName = Release;
		};
/* End XCConfigurationList section */
	};
	rootObject = 09838E252D7E1A8F002D4910 /* Project object */;
}
